PATH
  remote: .
  specs:
    erpc-sdk (0.9.0)
      digest-keccak (= 0.0.7)

GEM
  remote: https://rubygems.org/
  specs:
    digest-keccak (0.0.7)
    minitest (5.27.0)
    rake (13.4.2)

PLATFORMS
  ruby
  x86_64-linux-gnu

DEPENDENCIES
  erpc-sdk!
  minitest (>= 5.18, < 6)
  rake (>= 13, < 14)

BUNDLED WITH
   2.4.20
